
Microsoft Visual Studio Solution File, Format Version 12.00
# Visual Studio 15
VisualStudioVersion = 15.0.27130.2036
MinimumVisualStudioVersion = 10.0.40219.1
Project("{FAE04EC0-301F-11D3-BF4B-00C04F79EFBC}") = "ConsoleApp1", "ConsoleApp1\ConsoleApp1.csproj", "{C4F34354-228C-4B55-9196-15176267E2B8}"
EndProject
Project("{FAE04EC0-301F-11D3-BF4B-00C04F79EFBC}") = "Source", "Source\Source.csproj", "{CBAE4621-0802-4029-AEB8-2439F3671F5B}"
EndProject
Global
	GlobalSection(SolutionConfigurationPlatforms) = preSolution
		Debug|Any CPU = Debug|Any CPU
		Release|Any CPU = Release|Any CPU
	EndGlobalSection
	GlobalSection(ProjectConfigurationPlatforms) = postSolution
		{C4F34354-228C-4B55-9196-15176267E2B8}.Debug|Any CPU.ActiveCfg = Debug|Any CPU
		{C4F34354-228C-4B55-9196-15176267E2B8}.Debug|Any CPU.Build.0 = Debug|Any CPU
		{C4F34354-228C-4B55-9196-15176267E2B8}.Release|Any CPU.ActiveCfg = Release|Any CPU
		{C4F34354-228C-4B55-9196-15176267E2B8}.Release|Any CPU.Build.0 = Release|Any CPU
		{CBAE4621-0802-4029-AEB8-2439F3671F5B}.Debug|Any CPU.ActiveCfg = Debug|Any CPU
		{CBAE4621-0802-4029-AEB8-2439F3671F5B}.Debug|Any CPU.Build.0 = Debug|Any CPU
		{CBAE4621-0802-4029-AEB8-2439F3671F5B}.Release|Any CPU.ActiveCfg = Release|Any CPU
		{CBAE4621-0802-4029-AEB8-2439F3671F5B}.Release|Any CPU.Build.0 = Release|Any CPU
	EndGlobalSection
	GlobalSection(SolutionProperties) = preSolution
		HideSolutionNode = FALSE
	EndGlobalSection
	GlobalSection(ExtensibilityGlobals) = postSolution
		SolutionGuid = {86E6C857-FF49-43B3-AA83-9E09DF7E6967}
	EndGlobalSection
EndGlobal
